// !$*UTF8*$!
{
	archiveVersion = 1;
	classes = {
	};
	objectVersion = 50;
	objects = {

/* Begin PBXBuildFile section */
		920361B723FFB3E5004211F8 /* UIColor+Random.swift in Sources */ = {isa = PBXBuildFile; fileRef = 920361B623FFB3E5004211F8 /* UIColor+Random.swift */; };
		9210CFCD23FEA646002080B4 /* CarouselCollectionView.framework in Frameworks */ = {isa = PBXBuildFile; fileRef = 9210CFCA23FEA631002080B4 /* CarouselCollectionView.framework */; };
		9210CFCE23FEA646002080B4 /* CarouselCollectionView.framework in Embed Frameworks */ = {isa = PBXBuildFile; fileRef = 9210CFCA23FEA631002080B4 /* CarouselCollectionView.framework */; settings = {ATTRIBUTES = (RemoveHeadersOnCopy, ); }; };
		927269E1241F77B5002DB4BE /* HostingController.swift in Sources */ = {isa = PBXBuildFile; fileRef = 927269E0241F77B5002DB4BE /* HostingController.swift */; };
		928D543323FD72A900E79B03 /* CarouselItemView.swift in Sources */ = {isa = PBXBuildFile; fileRef = 928D543223FD72A900E79B03 /* CarouselItemView.swift */; };
		92F17C6C23EDA4D100C26DF9 /* AppDelegate.swift in Sources */ = {isa = PBXBuildFile; fileRef = 92F17C6B23EDA4D100C26DF9 /* AppDelegate.swift */; };
		92F17C6E23EDA4D100C26DF9 /* SceneDelegate.swift in Sources */ = {isa = PBXBuildFile; fileRef = 92F17C6D23EDA4D100C26DF9 /* SceneDelegate.swift */; };
		92F17C7023EDA4D100C26DF9 /* ContentView.swift in Sources */ = {isa = PBXBuildFile; fileRef = 92F17C6F23EDA4D100C26DF9 /* ContentView.swift */; };
		92F17C7223EDA4D300C26DF9 /* Assets.xcassets in Resources */ = {isa = PBXBuildFile; fileRef = 92F17C7123EDA4D300C26DF9 /* Assets.xcassets */; };
		92F17C7523EDA4D300C26DF9 /* Preview Assets.xcassets in Resources */ = {isa = PBXBuildFile; fileRef = 92F17C7423EDA4D300C26DF9 /* Preview Assets.xcassets */; };
		92F17C7823EDA4D300C26DF9 /* LaunchScreen.storyboard in Resources */ = {isa = PBXBuildFile; fileRef = 92F17C7623EDA4D300C26DF9 /* LaunchScreen.storyboard */; };
/* End PBXBuildFile section */

/* Begin PBXContainerItemProxy section */
		9210CFC923FEA631002080B4 /* PBXContainerItemProxy */ = {
			isa = PBXContainerItemProxy;
			containerPortal = 9210CFC423FEA631002080B4 /* CarouselCollectionView.xcodeproj */;
			proxyType = 2;
			remoteGlobalIDString = 92F17C1623ED985A00C26DF9;
			remoteInfo = CarouselCollectionView;
		};
		9210CFCB23FEA631002080B4 /* PBXContainerItemProxy */ = {
			isa = PBXContainerItemProxy;
			containerPortal = 9210CFC423FEA631002080B4 /* CarouselCollectionView.xcodeproj */;
			proxyType = 2;
			remoteGlobalIDString = 92F17C1F23ED985A00C26DF9;
			remoteInfo = CarouselCollectionViewTests;
		};
/* End PBXContainerItemProxy section */

/* Begin PBXCopyFilesBuildPhase section */
		92F17C8B23EDA4F300C26DF9 /* Embed Frameworks */ = {
			isa = PBXCopyFilesBuildPhase;
			buildActionMask = 2147483647;
			dstPath = "";
			dstSubfolderSpec = 10;
			files = (
				9210CFCE23FEA646002080B4 /* CarouselCollectionView.framework in Embed Frameworks */,
			);
			name = "Embed Frameworks";
			runOnlyForDeploymentPostprocessing = 0;
		};
/* End PBXCopyFilesBuildPhase section */

/* Begin PBXFileReference section */
		920361B623FFB3E5004211F8 /* UIColor+Random.swift */ = {isa = PBXFileReference; lastKnownFileType = sourcecode.swift; path = "UIColor+Random.swift"; sourceTree = "<group>"; };
		9210CFC423FEA631002080B4 /* CarouselCollectionView.xcodeproj */ = {isa = PBXFileReference; lastKnownFileType = "wrapper.pb-project"; name = CarouselCollectionView.xcodeproj; path = ../Framework/CarouselCollectionView.xcodeproj; sourceTree = "<group>"; };
		927269E0241F77B5002DB4BE /* HostingController.swift */ = {isa = PBXFileReference; lastKnownFileType = sourcecode.swift; path = HostingController.swift; sourceTree = "<group>"; };
		928D543223FD72A900E79B03 /* CarouselItemView.swift */ = {isa = PBXFileReference; lastKnownFileType = sourcecode.swift; path = CarouselItemView.swift; sourceTree = "<group>"; };
		92F17C6823EDA4D100C26DF9 /* CarouselCollectionViewExample.app */ = {isa = PBXFileReference; explicitFileType = wrapper.application; includeInIndex = 0; path = CarouselCollectionViewExample.app; sourceTree = BUILT_PRODUCTS_DIR; };
		92F17C6B23EDA4D100C26DF9 /* AppDelegate.swift */ = {isa = PBXFileReference; lastKnownFileType = sourcecode.swift; path = AppDelegate.swift; sourceTree = "<group>"; };
		92F17C6D23EDA4D100C26DF9 /* SceneDelegate.swift */ = {isa = PBXFileReference; lastKnownFileType = sourcecode.swift; path = SceneDelegate.swift; sourceTree = "<group>"; };
		92F17C6F23EDA4D100C26DF9 /* ContentView.swift */ = {isa = PBXFileReference; lastKnownFileType = sourcecode.swift; path = ContentView.swift; sourceTree = "<group>"; };
		92F17C7123EDA4D300C26DF9 /* Assets.xcassets */ = {isa = PBXFileReference; lastKnownFileType = folder.assetcatalog; path = Assets.xcassets; sourceTree = "<group>"; };
		92F17C7423EDA4D300C26DF9 /* Preview Assets.xcassets */ = {isa = PBXFileReference; lastKnownFileType = folder.assetcatalog; path = "Preview Assets.xcassets"; sourceTree = "<group>"; };
		92F17C7723EDA4D300C26DF9 /* Base */ = {isa = PBXFileReference; lastKnownFileType = file.storyboard; name = Base; path = Base.lproj/LaunchScreen.storyboard; sourceTree = "<group>"; };
		92F17C7923EDA4D300C26DF9 /* Info.plist */ = {isa = PBXFileReference; lastKnownFileType = text.plist.xml; path = Info.plist; sourceTree = "<group>"; };
/* End PBXFileReference section */

/* Begin PBXFrameworksBuildPhase section */
		92F17C6523EDA4D100C26DF9 /* Frameworks */ = {
			isa = PBXFrameworksBuildPhase;
			buildActionMask = 2147483647;
			files = (
				9210CFCD23FEA646002080B4 /* CarouselCollectionView.framework in Frameworks */,
			);
			runOnlyForDeploymentPostprocessing = 0;
		};
/* End PBXFrameworksBuildPhase section */

/* Begin PBXGroup section */
		9210CFC523FEA631002080B4 /* Products */ = {
			isa = PBXGroup;
			children = (
				9210CFCA23FEA631002080B4 /* CarouselCollectionView.framework */,
				9210CFCC23FEA631002080B4 /* CarouselCollectionViewTests.xctest */,
			);
			name = Products;
			sourceTree = "<group>";
		};
		92F17C5F23EDA4D100C26DF9 = {
			isa = PBXGroup;
			children = (
				9210CFC423FEA631002080B4 /* CarouselCollectionView.xcodeproj */,
				92F17C6A23EDA4D100C26DF9 /* CarouselCollectionViewExample */,
				92F17C6923EDA4D100C26DF9 /* Products */,
				92F17C8823EDA4F300C26DF9 /* Frameworks */,
			);
			sourceTree = "<group>";
		};
		92F17C6923EDA4D100C26DF9 /* Products */ = {
			isa = PBXGroup;
			children = (
				92F17C6823EDA4D100C26DF9 /* CarouselCollectionViewExample.app */,
			);
			name = Products;
			sourceTree = "<group>";
		};
		92F17C6A23EDA4D100C26DF9 /* CarouselCollectionViewExample */ = {
			isa = PBXGroup;
			children = (
				92F17C6B23EDA4D100C26DF9 /* AppDelegate.swift */,
				92F17C6D23EDA4D100C26DF9 /* SceneDelegate.swift */,
				927269E0241F77B5002DB4BE /* HostingController.swift */,
				92F17C6F23EDA4D100C26DF9 /* ContentView.swift */,
				928D543223FD72A900E79B03 /* CarouselItemView.swift */,
				920361B623FFB3E5004211F8 /* UIColor+Random.swift */,
				92F17C7123EDA4D300C26DF9 /* Assets.xcassets */,
				92F17C7623EDA4D300C26DF9 /* LaunchScreen.storyboard */,
				92F17C7923EDA4D300C26DF9 /* Info.plist */,
				92F17C7323EDA4D300C26DF9 /* Preview Content */,
			);
			path = CarouselCollectionViewExample;
			sourceTree = "<group>";
		};
		92F17C7323EDA4D300C26DF9 /* Preview Content */ = {
			isa = PBXGroup;
			children = (
				92F17C7423EDA4D300C26DF9 /* Preview Assets.xcassets */,
			);
			path = "Preview Content";
			sourceTree = "<group>";
		};
		92F17C8823EDA4F300C26DF9 /* Frameworks */ = {
			isa = PBXGroup;
			children = (
			);
			name = Frameworks;
			sourceTree = "<group>";
		};
/* End PBXGroup section */

/* Begin PBXNativeTarget section */
		92F17C6723EDA4D100C26DF9 /* CarouselCollectionViewExample */ = {
			isa = PBXNativeTarget;
			buildConfigurationList = 92F17C7C23EDA4D300C26DF9 /* Build configuration list for PBXNativeTarget "CarouselCollectionViewExample" */;
			buildPhases = (
				92F17C6423EDA4D100C26DF9 /* Sources */,
				92F17C6523EDA4D100C26DF9 /* Frameworks */,
				92F17C6623EDA4D100C26DF9 /* Resources */,
				92F17C8B23EDA4F300C26DF9 /* Embed Frameworks */,
			);
			buildRules = (
			);
			dependencies = (
			);
			name = CarouselCollectionViewExample;
			productName = CarouselCollectionViewExample;
			productReference = 92F17C6823EDA4D100C26DF9 /* CarouselCollectionViewExample.app */;
			productType = "com.apple.product-type.application";
		};
/* End PBXNativeTarget section */

/* Begin PBXProject section */
		92F17C6023EDA4D100C26DF9 /* Project object */ = {
			isa = PBXProject;
			attributes = {
				LastSwiftUpdateCheck = 1130;
				LastUpgradeCheck = 1130;
				ORGANIZATIONNAME = Distillery;
				TargetAttributes = {
					92F17C6723EDA4D100C26DF9 = {
						CreatedOnToolsVersion = 11.3.1;
					};
				};
			};
			buildConfigurationList = 92F17C6323EDA4D100C26DF9 /* Build configuration list for PBXProject "CarouselCollectionViewExample" */;
			compatibilityVersion = "Xcode 9.3";
			developmentRegion = en;
			hasScannedForEncodings = 0;
			knownRegions = (
				en,
				Base,
			);
			mainGroup = 92F17C5F23EDA4D100C26DF9;
			productRefGroup = 92F17C6923EDA4D100C26DF9 /* Products */;
			projectDirPath = "";
			projectReferences = (
				{
					ProductGroup = 9210CFC523FEA631002080B4 /* Products */;
					ProjectRef = 9210CFC423FEA631002080B4 /* CarouselCollectionView.xcodeproj */;
				},
			);
			projectRoot = "";
			targets = (
				92F17C6723EDA4D100C26DF9 /* CarouselCollectionViewExample */,
			);
		};
/* End PBXProject section */

/* Begin PBXReferenceProxy section */
		9210CFCA23FEA631002080B4 /* CarouselCollectionView.framework */ = {
			isa = PBXReferenceProxy;
			fileType = wrapper.framework;
			path = CarouselCollectionView.framework;
			remoteRef = 9210CFC923FEA631002080B4 /* PBXContainerItemProxy */;
			sourceTree = BUILT_PRODUCTS_DIR;
		};
		9210CFCC23FEA631002080B4 /* CarouselCollectionViewTests.xctest */ = {
			isa = PBXReferenceProxy;
			fileType = wrapper.cfbundle;
			path = CarouselCollectionViewTests.xctest;
			remoteRef = 9210CFCB23FEA631002080B4 /* PBXContainerItemProxy */;
			sourceTree = BUILT_PRODUCTS_DIR;
		};
/* End PBXReferenceProxy section */

/* Begin PBXResourcesBuildPhase section */
		92F17C6623EDA4D100C26DF9 /* Resources */ = {
			isa = PBXResourcesBuildPhase;
			buildActionMask = 2147483647;
			files = (
				92F17C7823EDA4D300C26DF9 /* LaunchScreen.storyboard in Resources */,
				92F17C7523EDA4D300C26DF9 /* Preview Assets.xcassets in Resources */,
				92F17C7223EDA4D300C26DF9 /* Assets.xcassets in Resources */,
			);
			runOnlyForDeploymentPostprocessing = 0;
		};
/* End PBXResourcesBuildPhase section */

/* Begin PBXSourcesBuildPhase section */
		92F17C6423EDA4D100C26DF9 /* Sources */ = {
			isa = PBXSourcesBuildPhase;
			buildActionMask = 2147483647;
			files = (
				920361B723FFB3E5004211F8 /* UIColor+Random.swift in Sources */,
				928D543323FD72A900E79B03 /* CarouselItemView.swift in Sources */,
				92F17C6C23EDA4D100C26DF9 /* AppDelegate.swift in Sources */,
				927269E1241F77B5002DB4BE /* HostingController.swift in Sources */,
				92F17C6E23EDA4D100C26DF9 /* SceneDelegate.swift in Sources */,
				92F17C7023EDA4D100C26DF9 /* ContentView.swift in Sources */,
			);
			runOnlyForDeploymentPostprocessing = 0;
		};
/* End PBXSourcesBuildPhase section */

/* Begin PBXVariantGroup section */
		92F17C7623EDA4D300C26DF9 /* LaunchScreen.storyboard */ = {
			isa = PBXVariantGroup;
			children = (
				92F17C7723EDA4D300C26DF9 /* Base */,
			);
			name = LaunchScreen.storyboard;
			sourceTree = "<group>";
		};
/* End PBXVariantGroup section */

/* Begin XCBuildConfiguration section */
		92F17C7A23EDA4D300C26DF9 /* Debug */ = {
			isa = XCBuildConfiguration;
			buildSettings = {
				ALWAYS_SEARCH_USER_PATHS = NO;
				CLANG_ANALYZER_NONNULL = YES;
				CLANG_ANALYZER_NUMBER_OBJECT_CONVERSION = YES_AGGRESSIVE;
				CLANG_CXX_LANGUAGE_STANDARD = "gnu++14";
				CLANG_CXX_LIBRARY = "libc++";
				CLANG_ENABLE_MODULES = YES;
				CLANG_ENABLE_OBJC_ARC = YES;
				CLANG_ENABLE_OBJC_WEAK = YES;
				CLANG_WARN_BLOCK_CAPTURE_AUTORELEASING = YES;
				CLANG_WARN_BOOL_CONVERSION = YES;
				CLANG_WARN_COMMA = YES;
				CLANG_WARN_CONSTANT_CONVERSION = YES;
				CLANG_WARN_DEPRECATED_OBJC_IMPLEMENTATIONS = YES;
				CLANG_WARN_DIRECT_OBJC_ISA_USAGE = YES_ERROR;
				CLANG_WARN_DOCUMENTATION_COMMENTS = YES;
				CLANG_WARN_EMPTY_BODY = YES;
				CLANG_WARN_ENUM_CONVERSION = YES;
				CLANG_WARN_INFINITE_RECURSION = YES;
				CLANG_WARN_INT_CONVERSION = YES;
				CLANG_WARN_NON_LITERAL_NULL_CONVERSION = YES;
				CLANG_WARN_OBJC_IMPLICIT_RETAIN_SELF = YES;
				CLANG_WARN_OBJC_LITERAL_CONVERSION = YES;
				CLANG_WARN_OBJC_ROOT_CLASS = YES_ERROR;
				CLANG_WARN_RANGE_LOOP_ANALYSIS = YES;
				CLANG_WARN_STRICT_PROTOTYPES = YES;
				CLANG_WARN_SUSPICIOUS_MOVE = YES;
				CLANG_WARN_UNGUARDED_AVAILABILITY = YES_AGGRESSIVE;
				CLANG_WARN_UNREACHABLE_CODE = YES;
				CLANG_WARN__DUPLICATE_METHOD_MATCH = YES;
				COPY_PHASE_STRIP = NO;
				DEBUG_INFORMATION_FORMAT = dwarf;
				ENABLE_STRICT_OBJC_MSGSEND = YES;
				ENABLE_TESTABILITY = YES;
				GCC_C_LANGUAGE_STANDARD = gnu11;
				GCC_DYNAMIC_NO_PIC = NO;
				GCC_NO_COMMON_BLOCKS = YES;
				GCC_OPTIMIZATION_LEVEL = 0;
				GCC_PREPROCESSOR_DEFINITIONS = (
					"DEBUG=1",
					"$(inherited)",
				);
				GCC_WARN_64_TO_32_BIT_CONVERSION = YES;
				GCC_WARN_ABOUT_RETURN_TYPE = YES_ERROR;
				GCC_WARN_UNDECLARED_SELECTOR = YES;
				GCC_WARN_UNINITIALIZED_AUTOS = YES_AGGRESSIVE;
				GCC_WARN_UNUSED_FUNCTION = YES;
				GCC_WARN_UNUSED_VARIABLE = YES;
				IPHONEOS_DEPLOYMENT_TARGET = 13.2;
				MTL_ENABLE_DEBUG_INFO = INCLUDE_SOURCE;
				MTL_FAST_MATH = YES;
				ONLY_ACTIVE_ARCH = YES;
				SDKROOT = iphoneos;
				SWIFT_ACTIVE_COMPILATION_CONDITIONS = DEBUG;
				SWIFT_OPTIMIZATION_LEVEL = "-Onone";
			};
			name = Debug;
		};
		92F17C7B23EDA4D300C26DF9 /* Release */ = {
			isa = XCBuildConfiguration;
			buildSettings = {
				ALWAYS_SEARCH_USER_PATHS = NO;
				CLANG_ANALYZER_NONNULL = YES;
				CLANG_ANALYZER_NUMBER_OBJECT_CONVERSION = YES_AGGRESSIVE;
				CLANG_CXX_LANGUAGE_STANDARD = "gnu++14";
				CLANG_CXX_LIBRARY = "libc++";
				CLANG_ENABLE_MODULES = YES;
				CLANG_ENABLE_OBJC_ARC = YES;
				CLANG_ENABLE_OBJC_WEAK = YES;
				CLANG_WARN_BLOCK_CAPTURE_AUTORELEASING = YES;
				CLANG_WARN_BOOL_CONVERSION = YES;
				CLANG_WARN_COMMA = YES;
				CLANG_WARN_CONSTANT_CONVERSION = YES;
				CLANG_WARN_DEPRECATED_OBJC_IMPLEMENTATIONS = YES;
				CLANG_WARN_DIRECT_OBJC_ISA_USAGE = YES_ERROR;
				CLANG_WARN_DOCUMENTATION_COMMENTS = YES;
				CLANG_WARN_EMPTY_BODY = YES;
				CLANG_WARN_ENUM_CONVERSION = YES;
				CLANG_WARN_INFINITE_RECURSION = YES;
				CLANG_WARN_INT_CONVERSION = YES;
				CLANG_WARN_NON_LITERAL_NULL_CONVERSION = YES;
				CLANG_WARN_OBJC_IMPLICIT_RETAIN_SELF = YES;
				CLANG_WARN_OBJC_LITERAL_CONVERSION = YES;
				CLANG_WARN_OBJC_ROOT_CLASS = YES_ERROR;
				CLANG_WARN_RANGE_LOOP_ANALYSIS = YES;
				CLANG_WARN_STRICT_PROTOTYPES = YES;
				CLANG_WARN_SUSPICIOUS_MOVE = YES;
				CLANG_WARN_UNGUARDED_AVAILABILITY = YES_AGGRESSIVE;
				CLANG_WARN_UNREACHABLE_CODE = YES;
				CLANG_WARN__DUPLICATE_METHOD_MATCH = YES;
				COPY_PHASE_STRIP = NO;
				DEBUG_INFORMATION_FORMAT = "dwarf-with-dsym";
				ENABLE_NS_ASSERTIONS = NO;
				ENABLE_STRICT_OBJC_MSGSEND = YES;
				GCC_C_LANGUAGE_STANDARD = gnu11;
				GCC_NO_COMMON_BLOCKS = YES;
				GCC_WARN_64_TO_32_BIT_CONVERSION = YES;
				GCC_WARN_ABOUT_RETURN_TYPE = YES_ERROR;
				GCC_WARN_UNDECLARED_SELECTOR = YES;
				GCC_WARN_UNINITIALIZED_AUTOS = YES_AGGRESSIVE;
				GCC_WARN_UNUSED_FUNCTION = YES;
				GCC_WARN_UNUSED_VARIABLE = YES;
				IPHONEOS_DEPLOYMENT_TARGET = 13.2;
				MTL_ENABLE_DEBUG_INFO = NO;
				MTL_FAST_MATH = YES;
				SDKROOT = iphoneos;
				SWIFT_COMPILATION_MODE = wholemodule;
				SWIFT_OPTIMIZATION_LEVEL = "-O";
				VALIDATE_PRODUCT = YES;
			};
			name = Release;
		};
		92F17C7D23EDA4D300C26DF9 /* Debug */ = {
			isa = XCBuildConfiguration;
			buildSettings = {
				ASSETCATALOG_COMPILER_APPICON_NAME = AppIcon;
				CODE_SIGN_STYLE = Automatic;
				DEVELOPMENT_ASSET_PATHS = "\"CarouselCollectionViewExample/Preview Content\"";
				ENABLE_PREVIEWS = YES;
				INFOPLIST_FILE = CarouselCollectionViewExample/Info.plist;
				LD_RUNPATH_SEARCH_PATHS = (
					"$(inherited)",
					"@executable_path/Frameworks",
				);
				PRODUCT_BUNDLE_IDENTIFIER = com.distillery.CarouselCollectionViewExample;
				PRODUCT_NAME = "$(TARGET_NAME)";
				SWIFT_VERSION = 5.0;
				TARGETED_DEVICE_FAMILY = "1,2";
			};
			name = Debug;
		};
		92F17C7E23EDA4D300C26DF9 /* Release */ = {
			isa = XCBuildConfiguration;
			buildSettings = {
				ASSETCATALOG_COMPILER_APPICON_NAME = AppIcon;
				CODE_SIGN_STYLE = Automatic;
				DEVELOPMENT_ASSET_PATHS = "\"CarouselCollectionViewExample/Preview Content\"";
				ENABLE_PREVIEWS = YES;
				INFOPLIST_FILE = CarouselCollectionViewExample/Info.plist;
				LD_RUNPATH_SEARCH_PATHS = (
					"$(inherited)",
					"@executable_path/Frameworks",
				);
				PRODUCT_BUNDLE_IDENTIFIER = com.distillery.CarouselCollectionViewExample;
				PRODUCT_NAME = "$(TARGET_NAME)";
				SWIFT_VERSION = 5.0;
				TARGETED_DEVICE_FAMILY = "1,2";
			};
			name = Release;
		};
/* End XCBuildConfiguration section */

/* Begin XCConfigurationList section */
		92F17C6323EDA4D100C26DF9 /* Build configuration list for PBXProject "CarouselCollectionViewExample" */ = {
			isa = XCConfigurationList;
			buildConfigurations = (
				92F17C7A23EDA4D300C26DF9 /* Debug */,
				92F17C7B23EDA4D300C26DF9 /* Release */,
			);
			defaultConfigurationIsVisible = 0;
			defaultConfigurationName = Release;
		};
		92F17C7C23EDA4D300C26DF9 /* Build configuration list for PBXNativeTarget "CarouselCollectionViewExample" */ = {
			isa = XCConfigurationList;
			buildConfigurations = (
				92F17C7D23EDA4D300C26DF9 /* Debug */,
				92F17C7E23EDA4D300C26DF9 /* Release */,
			);
			defaultConfigurationIsVisible = 0;
			defaultConfigurationName = Release;
		};
/* End XCConfigurationList section */
	};
	rootObject = 92F17C6023EDA4D100C26DF9 /* Project object */;
}
